
Microsoft Visual Studio Solution File, Format Version 12.00
# Visual Studio Version 17
VisualStudioVersion = 17.10.34916.146
MinimumVisualStudioVersion = 10.0.40219.1
Project("{FAE04EC0-301F-11D3-BF4B-00C04F79EFBC}") = "BasicOOP2024Q3", "BasicOOP2024Q3\BasicOOP2024Q3.csproj", "{CF7056EB-1ADD-4E63-A99B-6AD74258F270}"
EndProject
Global
	GlobalSection(SolutionConfigurationPlatforms) = preSolution
		Debug|Any CPU = Debug|Any CPU
		Release|Any CPU = Release|Any CPU
	EndGlobalSection
	GlobalSection(ProjectConfigurationPlatforms) = postSolution
		{CF7056EB-1ADD-4E63-A99B-6AD74258F270}.Debug|Any CPU.ActiveCfg = Debug|Any CPU
		{CF7056EB-1ADD-4E63-A99B-6AD74258F270}.Debug|Any CPU.Build.0 = Debug|Any CPU
		{CF7056EB-1ADD-4E63-A99B-6AD74258F270}.Release|Any CPU.ActiveCfg = Release|Any CPU
		{CF7056EB-1ADD-4E63-A99B-6AD74258F270}.Release|Any CPU.Build.0 = Release|Any CPU
	EndGlobalSection
	GlobalSection(SolutionProperties) = preSolution
		HideSolutionNode = FALSE
	EndGlobalSection
	GlobalSection(ExtensibilityGlobals) = postSolution
		SolutionGuid = {D853AA32-B6CB-4BCF-B988-544A2572B445}
	EndGlobalSection
EndGlobal
